
Microsoft Visual Studio Solution File, Format Version 11.00
# Visual Studio 2010
Project("{FAE04EC0-301F-11D3-BF4B-00C04F79EFBC}") = "KnockoutJSGrid", "KnockoutJSGrid\KnockoutJSGrid.csproj", "{0FA2286C-C62A-4BCB-9FF9-8A5B62A058FF}"
EndProject
Global
	GlobalSection(SolutionConfigurationPlatforms) = preSolution
		Debug|Any CPU = Debug|Any CPU
		Release|Any CPU = Release|Any CPU
	EndGlobalSection
	GlobalSection(ProjectConfigurationPlatforms) = postSolution
		{0FA2286C-C62A-4BCB-9FF9-8A5B62A058FF}.Debug|Any CPU.ActiveCfg = Debug|Any CPU
		{0FA2286C-C62A-4BCB-9FF9-8A5B62A058FF}.Debug|Any CPU.Build.0 = Debug|Any CPU
		{0FA2286C-C62A-4BCB-9FF9-8A5B62A058FF}.Release|Any CPU.ActiveCfg = Release|Any CPU
		{0FA2286C-C62A-4BCB-9FF9-8A5B62A058FF}.Release|Any CPU.Build.0 = Release|Any CPU
	EndGlobalSection
	GlobalSection(SolutionProperties) = preSolution
		HideSolutionNode = FALSE
	EndGlobalSection
EndGlobal
